// !$*UTF8*$!
{
	archiveVersion = 1;
	classes = {
	};
	objectVersion = 56;
	objects = {

/* Begin PBXBuildFile section */
		C0530E7D2925C00300A8B598 /* AzamApp.swift in Sources */ = {isa = PBXBuildFile; fileRef = C0530E7C2925C00300A8B598 /* AzamApp.swift */; };
		C0530E7F2925C00300A8B598 /* ContentView.swift in Sources */ = {isa = PBXBuildFile; fileRef = C0530E7E2925C00300A8B598 /* ContentView.swift */; };
		C0530E812925C00400A8B598 /* Assets.xcassets in Resources */ = {isa = PBXBuildFile; fileRef = C0530E802925C00400A8B598 /* Assets.xcassets */; };
		C0530E842925C00400A8B598 /* Preview Assets.xcassets in Resources */ = {isa = PBXBuildFile; fileRef = C0530E832925C00400A8B598 /* Preview Assets.xcassets */; };
		C0530E8F2925C00400A8B598 /* AzamTests.swift in Sources */ = {isa = PBXBuildFile; fileRef = C0530E8E2925C00400A8B598 /* AzamTests.swift */; };
		C0530E992925C00400A8B598 /* AzamUITests.swift in Sources */ = {isa = PBXBuildFile; fileRef = C0530E982925C00400A8B598 /* AzamUITests.swift */; };
		C0530E9B2925C00400A8B598 /* AzamUITestsLaunchTests.swift in Sources */ = {isa = PBXBuildFile; fileRef = C0530E9A2925C00400A8B598 /* AzamUITestsLaunchTests.swift */; };
/* End PBXBuildFile section */

/* Begin PBXContainerItemProxy section */
		C0530E8B2925C00400A8B598 /* PBXContainerItemProxy */ = {
			isa = PBXContainerItemProxy;
			containerPortal = C0530E712925C00300A8B598 /* Project object */;
			proxyType = 1;
			remoteGlobalIDString = C0530E782925C00300A8B598;
			remoteInfo = Azam;
		};
		C0530E952925C00400A8B598 /* PBXContainerItemProxy */ = {
			isa = PBXContainerItemProxy;
			containerPortal = C0530E712925C00300A8B598 /* Project object */;
			proxyType = 1;
			remoteGlobalIDString = C0530E782925C00300A8B598;
			remoteInfo = Azam;
		};
/* End PBXContainerItemProxy section */

/* Begin PBXFileReference section */
		C0530E792925C00300A8B598 /* Azam.app */ = {isa = PBXFileReference; explicitFileType = wrapper.application; includeInIndex = 0; path = Azam.app; sourceTree = BUILT_PRODUCTS_DIR; };
		C0530E7C2925C00300A8B598 /* AzamApp.swift */ = {isa = PBXFileReference; lastKnownFileType = sourcecode.swift; path = AzamApp.swift; sourceTree = "<group>"; };
		C0530E7E2925C00300A8B598 /* ContentView.swift */ = {isa = PBXFileReference; lastKnownFileType = sourcecode.swift; path = ContentView.swift; sourceTree = "<group>"; };
		C0530E802925C00400A8B598 /* Assets.xcassets */ = {isa = PBXFileReference; lastKnownFileType = folder.assetcatalog; path = Assets.xcassets; sourceTree = "<group>"; };
		C0530E832925C00400A8B598 /* Preview Assets.xcassets */ = {isa = PBXFileReference; lastKnownFileType = folder.assetcatalog; path = "Preview Assets.xcassets"; sourceTree = "<group>"; };
		C0530E852925C00400A8B598 /* Azam.entitlements */ = {isa = PBXFileReference; lastKnownFileType = text.plist.entitlements; path = Azam.entitlements; sourceTree = "<group>"; };
		C0530E8A2925C00400A8B598 /* AzamTests.xctest */ = {isa = PBXFileReference; explicitFileType = wrapper.cfbundle; includeInIndex = 0; path = AzamTests.xctest; sourceTree = BUILT_PRODUCTS_DIR; };
		C0530E8E2925C00400A8B598 /* AzamTests.swift */ = {isa = PBXFileReference; lastKnownFileType = sourcecode.swift; path = AzamTests.swift; sourceTree = "<group>"; };
		C0530E942925C00400A8B598 /* AzamUITests.xctest */ = {isa = PBXFileReference; explicitFileType = wrapper.cfbundle; includeInIndex = 0; path = AzamUITests.xctest; sourceTree = BUILT_PRODUCTS_DIR; };
		C0530E982925C00400A8B598 /* AzamUITests.swift */ = {isa = PBXFileReference; lastKnownFileType = sourcecode.swift; path = AzamUITests.swift; sourceTree = "<group>"; };
		C0530E9A2925C00400A8B598 /* AzamUITestsLaunchTests.swift */ = {isa = PBXFileReference; lastKnownFileType = sourcecode.swift; path = AzamUITestsLaunchTests.swift; sourceTree = "<group>"; };
/* End PBXFileReference section */

/* Begin PBXFrameworksBuildPhase section */
		C0530E762925C00300A8B598 /* Frameworks */ = {
			isa = PBXFrameworksBuildPhase;
			buildActionMask = 2147483647;
			files = (
			);
			runOnlyForDeploymentPostprocessing = 0;
		};
		C0530E872925C00400A8B598 /* Frameworks */ = {
			isa = PBXFrameworksBuildPhase;
			buildActionMask = 2147483647;
			files = (
			);
			runOnlyForDeploymentPostprocessing = 0;
		};
		C0530E912925C00400A8B598 /* Frameworks */ = {
			isa = PBXFrameworksBuildPhase;
			buildActionMask = 2147483647;
			files = (
			);
			runOnlyForDeploymentPostprocessing = 0;
		};
/* End PBXFrameworksBuildPhase section */

/* Begin PBXGroup section */
		C0530E702925C00300A8B598 = {
			isa = PBXGroup;
			children = (
				C0530E7B2925C00300A8B598 /* Azam */,
				C0530E8D2925C00400A8B598 /* AzamTests */,
				C0530E972925C00400A8B598 /* AzamUITests */,
				C0530E7A2925C00300A8B598 /* Products */,
			);
			sourceTree = "<group>";
		};
		C0530E7A2925C00300A8B598 /* Products */ = {
			isa = PBXGroup;
			children = (
				C0530E792925C00300A8B598 /* Azam.app */,
				C0530E8A2925C00400A8B598 /* AzamTests.xctest */,
				C0530E942925C00400A8B598 /* AzamUITests.xctest */,
			);
			name = Products;
			sourceTree = "<group>";
		};
		C0530E7B2925C00300A8B598 /* Azam */ = {
			isa = PBXGroup;
			children = (
				C0530E7C2925C00300A8B598 /* AzamApp.swift */,
				C0530E7E2925C00300A8B598 /* ContentView.swift */,
				C0530E802925C00400A8B598 /* Assets.xcassets */,
				C0530E852925C00400A8B598 /* Azam.entitlements */,
				C0530E822925C00400A8B598 /* Preview Content */,
			);
			path = Azam;
			sourceTree = "<group>";
		};
		C0530E822925C00400A8B598 /* Preview Content */ = {
			isa = PBXGroup;
			children = (
				C0530E832925C00400A8B598 /* Preview Assets.xcassets */,
			);
			path = "Preview Content";
			sourceTree = "<group>";
		};
		C0530E8D2925C00400A8B598 /* AzamTests */ = {
			isa = PBXGroup;
			children = (
				C0530E8E2925C00400A8B598 /* AzamTests.swift */,
			);
			path = AzamTests;
			sourceTree = "<group>";
		};
		C0530E972925C00400A8B598 /* AzamUITests */ = {
			isa = PBXGroup;
			children = (
				C0530E982925C00400A8B598 /* AzamUITests.swift */,
				C0530E9A2925C00400A8B598 /* AzamUITestsLaunchTests.swift */,
			);
			path = AzamUITests;
			sourceTree = "<group>";
		};
/* End PBXGroup section */

/* Begin PBXNativeTarget section */
		C0530E782925C00300A8B598 /* Azam */ = {
			isa = PBXNativeTarget;
			buildConfigurationList = C0530E9E2925C00400A8B598 /* Build configuration list for PBXNativeTarget "Azam" */;
			buildPhases = (
				C0530E752925C00300A8B598 /* Sources */,
				C0530E762925C00300A8B598 /* Frameworks */,
				C0530E772925C00300A8B598 /* Resources */,
			);
			buildRules = (
			);
			dependencies = (
			);
			name = Azam;
			productName = Azam;
			productReference = C0530E792925C00300A8B598 /* Azam.app */;
			productType = "com.apple.product-type.application";
		};
		C0530E892925C00400A8B598 /* AzamTests */ = {
			isa = PBXNativeTarget;
			buildConfigurationList = C0530EA12925C00400A8B598 /* Build configuration list for PBXNativeTarget "AzamTests" */;
			buildPhases = (
				C0530E862925C00400A8B598 /* Sources */,
				C0530E872925C00400A8B598 /* Frameworks */,
				C0530E882925C00400A8B598 /* Resources */,
			);
			buildRules = (
			);
			dependencies = (
				C0530E8C2925C00400A8B598 /* PBXTargetDependency */,
			);
			name = AzamTests;
			productName = AzamTests;
			productReference = C0530E8A2925C00400A8B598 /* AzamTests.xctest */;
			productType = "com.apple.product-type.bundle.unit-test";
		};
		C0530E932925C00400A8B598 /* AzamUITests */ = {
			isa = PBXNativeTarget;
			buildConfigurationList = C0530EA42925C00400A8B598 /* Build configuration list for PBXNativeTarget "AzamUITests" */;
			buildPhases = (
				C0530E902925C00400A8B598 /* Sources */,
				C0530E912925C00400A8B598 /* Frameworks */,
				C0530E922925C00400A8B598 /* Resources */,
			);
			buildRules = (
			);
			dependencies = (
				C0530E962925C00400A8B598 /* PBXTargetDependency */,
			);
			name = AzamUITests;
			productName = AzamUITests;
			productReference = C0530E942925C00400A8B598 /* AzamUITests.xctest */;
			productType = "com.apple.product-type.bundle.ui-testing";
		};
/* End PBXNativeTarget section */

/* Begin PBXProject section */
		C0530E712925C00300A8B598 /* Project object */ = {
			isa = PBXProject;
			attributes = {
				BuildIndependentTargetsInParallel = 1;
				LastSwiftUpdateCheck = 1400;
				LastUpgradeCheck = 1400;
				TargetAttributes = {
					C0530E782925C00300A8B598 = {
						CreatedOnToolsVersion = 14.0;
					};
					C0530E892925C00400A8B598 = {
						CreatedOnToolsVersion = 14.0;
						TestTargetID = C0530E782925C00300A8B598;
					};
					C0530E932925C00400A8B598 = {
						CreatedOnToolsVersion = 14.0;
						TestTargetID = C0530E782925C00300A8B598;
					};
				};
			};
			buildConfigurationList = C0530E742925C00300A8B598 /* Build configuration list for PBXProject "Azam" */;
			compatibilityVersion = "Xcode 14.0";
			developmentRegion = en;
			hasScannedForEncodings = 0;
			knownRegions = (
				en,
				Base,
			);
			mainGroup = C0530E702925C00300A8B598;
			productRefGroup = C0530E7A2925C00300A8B598 /* Products */;
			projectDirPath = "";
			projectRoot = "";
			targets = (
				C0530E782925C00300A8B598 /* Azam */,
				C0530E892925C00400A8B598 /* AzamTests */,
				C0530E932925C00400A8B598 /* AzamUITests */,
			);
		};
/* End PBXProject section */

/* Begin PBXResourcesBuildPhase section */
		C0530E772925C00300A8B598 /* Resources */ = {
			isa = PBXResourcesBuildPhase;
			buildActionMask = 2147483647;
			files = (
				C0530E842925C00400A8B598 /* Preview Assets.xcassets in Resources */,
				C0530E812925C00400A8B598 /* Assets.xcassets in Resources */,
			);
			runOnlyForDeploymentPostprocessing = 0;
		};
		C0530E882925C00400A8B598 /* Resources */ = {
			isa = PBXResourcesBuildPhase;
			buildActionMask = 2147483647;
			files = (
			);
			runOnlyForDeploymentPostprocessing = 0;
		};
		C0530E922925C00400A8B598 /* Resources */ = {
			isa = PBXResourcesBuildPhase;
			buildActionMask = 2147483647;
			files = (
			);
			runOnlyForDeploymentPostprocessing = 0;
		};
/* End PBXResourcesBuildPhase section */

/* Begin PBXSourcesBuildPhase section */
		C0530E752925C00300A8B598 /* Sources */ = {
			isa = PBXSourcesBuildPhase;
			buildActionMask = 2147483647;
			files = (
				C0530E7F2925C00300A8B598 /* ContentView.swift in Sources */,
				C0530E7D2925C00300A8B598 /* AzamApp.swift in Sources */,
			);
			runOnlyForDeploymentPostprocessing = 0;
		};
		C0530E862925C00400A8B598 /* Sources */ = {
			isa = PBXSourcesBuildPhase;
			buildActionMask = 2147483647;
			files = (
				C0530E8F2925C00400A8B598 /* AzamTests.swift in Sources */,
			);
			runOnlyForDeploymentPostprocessing = 0;
		};
		C0530E902925C00400A8B598 /* Sources */ = {
			isa = PBXSourcesBuildPhase;
			buildActionMask = 2147483647;
			files = (
				C0530E992925C00400A8B598 /* AzamUITests.swift in Sources */,
				C0530E9B2925C00400A8B598 /* AzamUITestsLaunchTests.swift in Sources */,
			);
			runOnlyForDeploymentPostprocessing = 0;
		};
/* End PBXSourcesBuildPhase section */

/* Begin PBXTargetDependency section */
		C0530E8C2925C00400A8B598 /* PBXTargetDependency */ = {
			isa = PBXTargetDependency;
			target = C0530E782925C00300A8B598 /* Azam */;
			targetProxy = C0530E8B2925C00400A8B598 /* PBXContainerItemProxy */;
		};
		C0530E962925C00400A8B598 /* PBXTargetDependency */ = {
			isa = PBXTargetDependency;
			target = C0530E782925C00300A8B598 /* Azam */;
			targetProxy = C0530E952925C00400A8B598 /* PBXContainerItemProxy */;
		};
/* End PBXTargetDependency section */

/* Begin XCBuildConfiguration section */
		C0530E9C2925C00400A8B598 /* Debug */ = {
			isa = XCBuildConfiguration;
			buildSettings = {
				ALWAYS_SEARCH_USER_PATHS = NO;
				CLANG_ANALYZER_NONNULL = YES;
				CLANG_ANALYZER_NUMBER_OBJECT_CONVERSION = YES_AGGRESSIVE;
				CLANG_CXX_LANGUAGE_STANDARD = "gnu++20";
				CLANG_ENABLE_MODULES = YES;
				CLANG_ENABLE_OBJC_ARC = YES;
				CLANG_ENABLE_OBJC_WEAK = YES;
				CLANG_WARN_BLOCK_CAPTURE_AUTORELEASING = YES;
				CLANG_WARN_BOOL_CONVERSION = YES;
				CLANG_WARN_COMMA = YES;
				CLANG_WARN_CONSTANT_CONVERSION = YES;
				CLANG_WARN_DEPRECATED_OBJC_IMPLEMENTATIONS = YES;
				CLANG_WARN_DIRECT_OBJC_ISA_USAGE = YES_ERROR;
				CLANG_WARN_DOCUMENTATION_COMMENTS = YES;
				CLANG_WARN_EMPTY_BODY = YES;
				CLANG_WARN_ENUM_CONVERSION = YES;
				CLANG_WARN_INFINITE_RECURSION = YES;
				CLANG_WARN_INT_CONVERSION = YES;
				CLANG_WARN_NON_LITERAL_NULL_CONVERSION = YES;
				CLANG_WARN_OBJC_IMPLICIT_RETAIN_SELF = YES;
				CLANG_WARN_OBJC_LITERAL_CONVERSION = YES;
				CLANG_WARN_OBJC_ROOT_CLASS = YES_ERROR;
				CLANG_WARN_QUOTED_INCLUDE_IN_FRAMEWORK_HEADER = YES;
				CLANG_WARN_RANGE_LOOP_ANALYSIS = YES;
				CLANG_WARN_STRICT_PROTOTYPES = YES;
				CLANG_WARN_SUSPICIOUS_MOVE = YES;
				CLANG_WARN_UNGUARDED_AVAILABILITY = YES_AGGRESSIVE;
				CLANG_WARN_UNREACHABLE_CODE = YES;
				CLANG_WARN__DUPLICATE_METHOD_MATCH = YES;
				COPY_PHASE_STRIP = NO;
				DEBUG_INFORMATION_FORMAT = dwarf;
				ENABLE_STRICT_OBJC_MSGSEND = YES;
				ENABLE_TESTABILITY = YES;
				GCC_C_LANGUAGE_STANDARD = gnu11;
				GCC_DYNAMIC_NO_PIC = NO;
				GCC_NO_COMMON_BLOCKS = YES;
				GCC_OPTIMIZATION_LEVEL = 0;
				GCC_PREPROCESSOR_DEFINITIONS = (
					"DEBUG=1",
					"$(inherited)",
				);
				GCC_WARN_64_TO_32_BIT_CONVERSION = YES;
				GCC_WARN_ABOUT_RETURN_TYPE = YES_ERROR;
				GCC_WARN_UNDECLARED_SELECTOR = YES;
				GCC_WARN_UNINITIALIZED_AUTOS = YES_AGGRESSIVE;
				GCC_WARN_UNUSED_FUNCTION = YES;
				GCC_WARN_UNUSED_VARIABLE = YES;
				MACOSX_DEPLOYMENT_TARGET = 12.3;
				MTL_ENABLE_DEBUG_INFO = INCLUDE_SOURCE;
				MTL_FAST_MATH = YES;
				ONLY_ACTIVE_ARCH = YES;
				SDKROOT = macosx;
				SWIFT_ACTIVE_COMPILATION_CONDITIONS = DEBUG;
				SWIFT_OPTIMIZATION_LEVEL = "-Onone";
			};
			name = Debug;
		};
		C0530E9D2925C00400A8B598 /* Release */ = {
			isa = XCBuildConfiguration;
			buildSettings = {
				ALWAYS_SEARCH_USER_PATHS = NO;
				CLANG_ANALYZER_NONNULL = YES;
				CLANG_ANALYZER_NUMBER_OBJECT_CONVERSION = YES_AGGRESSIVE;
				CLANG_CXX_LANGUAGE_STANDARD = "gnu++20";
				CLANG_ENABLE_MODULES = YES;
				CLANG_ENABLE_OBJC_ARC = YES;
				CLANG_ENABLE_OBJC_WEAK = YES;
				CLANG_WARN_BLOCK_CAPTURE_AUTORELEASING = YES;
				CLANG_WARN_BOOL_CONVERSION = YES;
				CLANG_WARN_COMMA = YES;
				CLANG_WARN_CONSTANT_CONVERSION = YES;
				CLANG_WARN_DEPRECATED_OBJC_IMPLEMENTATIONS = YES;
				CLANG_WARN_DIRECT_OBJC_ISA_USAGE = YES_ERROR;
				CLANG_WARN_DOCUMENTATION_COMMENTS = YES;
				CLANG_WARN_EMPTY_BODY = YES;
				CLANG_WARN_ENUM_CONVERSION = YES;
				CLANG_WARN_INFINITE_RECURSION = YES;
				CLANG_WARN_INT_CONVERSION = YES;
				CLANG_WARN_NON_LITERAL_NULL_CONVERSION = YES;
				CLANG_WARN_OBJC_IMPLICIT_RETAIN_SELF = YES;
				CLANG_WARN_OBJC_LITERAL_CONVERSION = YES;
				CLANG_WARN_OBJC_ROOT_CLASS = YES_ERROR;
				CLANG_WARN_QUOTED_INCLUDE_IN_FRAMEWORK_HEADER = YES;
				CLANG_WARN_RANGE_LOOP_ANALYSIS = YES;
				CLANG_WARN_STRICT_PROTOTYPES = YES;
				CLANG_WARN_SUSPICIOUS_MOVE = YES;
				CLANG_WARN_UNGUARDED_AVAILABILITY = YES_AGGRESSIVE;
				CLANG_WARN_UNREACHABLE_CODE = YES;
				CLANG_WARN__DUPLICATE_METHOD_MATCH = YES;
				COPY_PHASE_STRIP = NO;
				DEBUG_INFORMATION_FORMAT = "dwarf-with-dsym";
				ENABLE_NS_ASSERTIONS = NO;
				ENABLE_STRICT_OBJC_MSGSEND = YES;
				GCC_C_LANGUAGE_STANDARD = gnu11;
				GCC_NO_COMMON_BLOCKS = YES;
				GCC_WARN_64_TO_32_BIT_CONVERSION = YES;
				GCC_WARN_ABOUT_RETURN_TYPE = YES_ERROR;
				GCC_WARN_UNDECLARED_SELECTOR = YES;
				GCC_WARN_UNINITIALIZED_AUTOS = YES_AGGRESSIVE;
				GCC_WARN_UNUSED_FUNCTION = YES;
				GCC_WARN_UNUSED_VARIABLE = YES;
				MACOSX_DEPLOYMENT_TARGET = 12.3;
				MTL_ENABLE_DEBUG_INFO = NO;
				MTL_FAST_MATH = YES;
				SDKROOT = macosx;
				SWIFT_COMPILATION_MODE = wholemodule;
				SWIFT_OPTIMIZATION_LEVEL = "-O";
			};
			name = Release;
		};
		C0530E9F2925C00400A8B598 /* Debug */ = {
			isa = XCBuildConfiguration;
			buildSettings = {
				ASSETCATALOG_COMPILER_APPICON_NAME = AppIcon;
				ASSETCATALOG_COMPILER_GLOBAL_ACCENT_COLOR_NAME = AccentColor;
				CODE_SIGN_ENTITLEMENTS = Azam/Azam.entitlements;
				CODE_SIGN_STYLE = Automatic;
				COMBINE_HIDPI_IMAGES = YES;
				CURRENT_PROJECT_VERSION = 1;
				DEVELOPMENT_ASSET_PATHS = "\"Azam/Preview Content\"";
				ENABLE_PREVIEWS = YES;
				GENERATE_INFOPLIST_FILE = YES;
				INFOPLIST_KEY_NSHumanReadableCopyright = "";
				LD_RUNPATH_SEARCH_PATHS = (
					"$(inherited)",
					"@executable_path/../Frameworks",
				);
				MARKETING_VERSION = 1.0;
				PRODUCT_BUNDLE_IDENTIFIER = com.emeraldgatewaysolutions.Azam;
				PRODUCT_NAME = "$(TARGET_NAME)";
				SWIFT_EMIT_LOC_STRINGS = YES;
				SWIFT_VERSION = 5.0;
			};
			name = Debug;
		};
		C0530EA02925C00400A8B598 /* Release */ = {
			isa = XCBuildConfiguration;
			buildSettings = {
				ASSETCATALOG_COMPILER_APPICON_NAME = AppIcon;
				ASSETCATALOG_COMPILER_GLOBAL_ACCENT_COLOR_NAME = AccentColor;
				CODE_SIGN_ENTITLEMENTS = Azam/Azam.entitlements;
				CODE_SIGN_STYLE = Automatic;
				COMBINE_HIDPI_IMAGES = YES;
				CURRENT_PROJECT_VERSION = 1;
				DEVELOPMENT_ASSET_PATHS = "\"Azam/Preview Content\"";
				ENABLE_PREVIEWS = YES;
				GENERATE_INFOPLIST_FILE = YES;
				INFOPLIST_KEY_NSHumanReadableCopyright = "";
				LD_RUNPATH_SEARCH_PATHS = (
					"$(inherited)",
					"@executable_path/../Frameworks",
				);
				MARKETING_VERSION = 1.0;
				PRODUCT_BUNDLE_IDENTIFIER = com.emeraldgatewaysolutions.Azam;
				PRODUCT_NAME = "$(TARGET_NAME)";
				SWIFT_EMIT_LOC_STRINGS = YES;
				SWIFT_VERSION = 5.0;
			};
			name = Release;
		};
		C0530EA22925C00400A8B598 /* Debug */ = {
			isa = XCBuildConfiguration;
			buildSettings = {
				ALWAYS_EMBED_SWIFT_STANDARD_LIBRARIES = YES;
				BUNDLE_LOADER = "$(TEST_HOST)";
				CODE_SIGN_STYLE = Automatic;
				CURRENT_PROJECT_VERSION = 1;
				GENERATE_INFOPLIST_FILE = YES;
				MACOSX_DEPLOYMENT_TARGET = 12.3;
				MARKETING_VERSION = 1.0;
				PRODUCT_BUNDLE_IDENTIFIER = com.emeraldgatewaysolutions.AzamTests;
				PRODUCT_NAME = "$(TARGET_NAME)";
				SWIFT_EMIT_LOC_STRINGS = NO;
				SWIFT_VERSION = 5.0;
				TEST_HOST = "$(BUILT_PRODUCTS_DIR)/Azam.app/$(BUNDLE_EXECUTABLE_FOLDER_PATH)/Azam";
			};
			name = Debug;
		};
		C0530EA32925C00400A8B598 /* Release */ = {
			isa = XCBuildConfiguration;
			buildSettings = {
				ALWAYS_EMBED_SWIFT_STANDARD_LIBRARIES = YES;
				BUNDLE_LOADER = "$(TEST_HOST)";
				CODE_SIGN_STYLE = Automatic;
				CURRENT_PROJECT_VERSION = 1;
				GENERATE_INFOPLIST_FILE = YES;
				MACOSX_DEPLOYMENT_TARGET = 12.3;
				MARKETING_VERSION = 1.0;
				PRODUCT_BUNDLE_IDENTIFIER = com.emeraldgatewaysolutions.AzamTests;
				PRODUCT_NAME = "$(TARGET_NAME)";
				SWIFT_EMIT_LOC_STRINGS = NO;
				SWIFT_VERSION = 5.0;
				TEST_HOST = "$(BUILT_PRODUCTS_DIR)/Azam.app/$(BUNDLE_EXECUTABLE_FOLDER_PATH)/Azam";
			};
			name = Release;
		};
		C0530EA52925C00400A8B598 /* Debug */ = {
			isa = XCBuildConfiguration;
			buildSettings = {
				ALWAYS_EMBED_SWIFT_STANDARD_LIBRARIES = YES;
				CODE_SIGN_STYLE = Automatic;
				CURRENT_PROJECT_VERSION = 1;
				GENERATE_INFOPLIST_FILE = YES;
				MARKETING_VERSION = 1.0;
				PRODUCT_BUNDLE_IDENTIFIER = com.emeraldgatewaysolutions.AzamUITests;
				PRODUCT_NAME = "$(TARGET_NAME)";
				SWIFT_EMIT_LOC_STRINGS = NO;
				SWIFT_VERSION = 5.0;
				TEST_TARGET_NAME = Azam;
			};
			name = Debug;
		};
		C0530EA62925C00400A8B598 /* Release */ = {
			isa = XCBuildConfiguration;
			buildSettings = {
				ALWAYS_EMBED_SWIFT_STANDARD_LIBRARIES = YES;
				CODE_SIGN_STYLE = Automatic;
				CURRENT_PROJECT_VERSION = 1;
				GENERATE_INFOPLIST_FILE = YES;
				MARKETING_VERSION = 1.0;
				PRODUCT_BUNDLE_IDENTIFIER = com.emeraldgatewaysolutions.AzamUITests;
				PRODUCT_NAME = "$(TARGET_NAME)";
				SWIFT_EMIT_LOC_STRINGS = NO;
				SWIFT_VERSION = 5.0;
				TEST_TARGET_NAME = Azam;
			};
			name = Release;
		};
/* End XCBuildConfiguration section */

/* Begin XCConfigurationList section */
		C0530E742925C00300A8B598 /* Build configuration list for PBXProject "Azam" */ = {
			isa = XCConfigurationList;
			buildConfigurations = (
				C0530E9C2925C00400A8B598 /* Debug */,
				C0530E9D2925C00400A8B598 /* Release */,
			);
			defaultConfigurationIsVisible = 0;
			defaultConfigurationName = Release;
		};
		C0530E9E2925C00400A8B598 /* Build configuration list for PBXNativeTarget "Azam" */ = {
			isa = XCConfigurationList;
			buildConfigurations = (
				C0530E9F2925C00400A8B598 /* Debug */,
				C0530EA02925C00400A8B598 /* Release */,
			);
			defaultConfigurationIsVisible = 0;
			defaultConfigurationName = Release;
		};
		C0530EA12925C00400A8B598 /* Build configuration list for PBXNativeTarget "AzamTests" */ = {
			isa = XCConfigurationList;
			buildConfigurations = (
				C0530EA22925C00400A8B598 /* Debug */,
				C0530EA32925C00400A8B598 /* Release */,
			);
			defaultConfigurationIsVisible = 0;
			defaultConfigurationName = Release;
		};
		C0530EA42925C00400A8B598 /* Build configuration list for PBXNativeTarget "AzamUITests" */ = {
			isa = XCConfigurationList;
			buildConfigurations = (
				C0530EA52925C00400A8B598 /* Debug */,
				C0530EA62925C00400A8B598 /* Release */,
			);
			defaultConfigurationIsVisible = 0;
			defaultConfigurationName = Release;
		};
/* End XCConfigurationList section */
	};
	rootObject = C0530E712925C00300A8B598 /* Project object */;
}
